{
  "object": {
    "pins": [
      {
        "package": "Cryptor",
        "repositoryURL": "https://github.com/IBM-Swift/BlueCryptor.git",
        "state": {
          "branch": null,
          "revision": "25186dc1a53f3eb6d900853f659dff8b9af523aa",
          "version": "1.0.23"
        }
      },
      {
        "package": "Signals",
        "repositoryURL": "https://github.com/IBM-Swift/BlueSignals.git",
        "state": {
          "branch": null,
          "revision": "23f62ec7a38a837e1c14acffc2e963b667a88b46",
          "version": "1.0.16"
        }
      },
      {
        "package": "Socket",
        "repositoryURL": "https://github.com/IBM-Swift/BlueSocket.git",
        "state": {
          "branch": null,
          "revision": "a40b405bdf32bc853307dd5dee8d00636e394013",
          "version": "1.0.44"
        }
      },
      {
        "package": "SSLService",
        "repositoryURL": "https://github.com/IBM-Swift/BlueSSLService.git",
        "state": {
          "branch": null,
          "revision": "6910763b0dfa6f95a75217215d8cdce3ee11a6ae",
          "version": "1.0.44"
        }
      },
      {
        "package": "CCurl",
        "repositoryURL": "https://github.com/IBM-Swift/CCurl.git",
        "state": {
          "branch": null,
          "revision": "2a431e3a5fb8d004aa7d4d1bebb5d511f568c43e",
          "version": "1.0.0"
        }
      },
      {
        "package": "CEpoll",
        "repositoryURL": "https://github.com/IBM-Swift/CEpoll.git",
        "state": {
          "branch": null,
          "revision": "4e56acbea4d452110236dcbfcee0045a697c0e9f",
          "version": "1.0.0"
        }
      },
      {
        "package": "CredentialsDropbox",
        "repositoryURL": "https://github.com/crspybits/CredentialsDropbox.git",
        "state": {
          "branch": null,
          "revision": "4baa60378d94b0c6d5fac11c43109d2a69b11a94",
          "version": "0.2.0"
        }
      },
      {
        "package": "Gloss",
        "repositoryURL": "https://github.com/crspybits/Gloss.git",
        "state": {
          "branch": null,
          "revision": "4bba1107e35aa091c25d94a4a808f052f4ba6a06",
          "version": "1.2.7"
        }
      },
      {
        "package": "HeliumLogger",
        "repositoryURL": "https://github.com/IBM-Swift/HeliumLogger.git",
        "state": {
          "branch": null,
          "revision": "5ad546a39376b911a6cd4b06e8cadf60aa9e9472",
          "version": "1.8.0"
        }
      },
      {
        "package": "Kitura",
        "repositoryURL": "https://github.com/IBM-Swift/Kitura.git",
        "state": {
          "branch": null,
          "revision": "be8075725e77a1d6ff3ed22bb607030fff58cb7f",
          "version": "2.6.1"
        }
      },
      {
        "package": "Kitura-Credentials",
        "repositoryURL": "https://github.com/IBM-Swift/Kitura-Credentials.git",
        "state": {
          "branch": null,
          "revision": "4012937238ba58fecd3c11dda4b69ebcd0fc89fd",
          "version": "2.4.0"
        }
      },
      {
        "package": "Kitura-CredentialsFacebook",
        "repositoryURL": "https://github.com/IBM-Swift/Kitura-CredentialsFacebook.git",
        "state": {
          "branch": null,
          "revision": "4fddd914d74c46770126b41544027d6d44e52d59",
          "version": "2.2.3"
        }
      },
      {
        "package": "Kitura-CredentialsGoogle",
        "repositoryURL": "https://github.com/IBM-Swift/Kitura-CredentialsGoogle.git",
        "state": {
          "branch": null,
          "revision": "2e7da505b2ee0d7ef045db8f7e427b9e247d37f9",
          "version": "2.2.1"
        }
      },
      {
        "package": "Kitura-net",
        "repositoryURL": "https://github.com/IBM-Swift/Kitura-net.git",
        "state": {
          "branch": null,
          "revision": "9806d353eb31b3a37e6b92cd05482ae81483b47c",
          "version": "2.1.6"
        }
      },
      {
        "package": "Kitura-Session",
        "repositoryURL": "https://github.com/IBM-Swift/Kitura-Session.git",
        "state": {
          "branch": null,
          "revision": "511be689c95d1a5c195ecec5aec8d2a57d03d493",
          "version": "3.3.1"
        }
      },
      {
        "package": "Kitura-TemplateEngine",
        "repositoryURL": "https://github.com/IBM-Swift/Kitura-TemplateEngine.git",
        "state": {
          "branch": null,
          "revision": "b030d2d176719acc6a902c40db1b87dc6a83e2fc",
          "version": "2.0.0"
        }
      },
      {
        "package": "KituraContracts",
        "repositoryURL": "https://github.com/IBM-Swift/KituraContracts.git",
        "state": {
          "branch": null,
          "revision": "acfad5b37e70590261c1181b1ad29758d20bf167",
          "version": "1.1.1"
        }
      },
      {
        "package": "LoggerAPI",
        "repositoryURL": "https://github.com/IBM-Swift/LoggerAPI.git",
        "state": {
          "branch": null,
          "revision": "d0ccb4158b83f8692531892a9c894bb757593c6f",
          "version": "1.8.0"
        }
      },
      {
        "package": "OpenSSL",
        "repositoryURL": "https://github.com/IBM-Swift/OpenSSL.git",
        "state": {
          "branch": null,
          "revision": "a39f93450e25345c97deb1a9b88e224189fdc28e",
          "version": "1.0.2"
        }
      },
      {
        "package": "PerfectLib",
        "repositoryURL": "https://github.com/PerfectlySoft/Perfect.git",
        "state": {
          "branch": null,
          "revision": "60e44e4c62e293844581205528eefdc7e1153199",
          "version": "3.1.2"
        }
      },
      {
        "package": "PerfectCRUD",
        "repositoryURL": "https://github.com/PerfectlySoft/Perfect-CRUD.git",
        "state": {
          "branch": null,
          "revision": "2fffbdc4d9c33e6c980a51768abe7d9f6d9bbac0",
          "version": "1.2.2"
        }
      },
      {
        "package": "LinuxBridge",
        "repositoryURL": "https://github.com/PerfectlySoft/Perfect-LinuxBridge.git",
        "state": {
          "branch": null,
          "revision": "d6e64c48e6b06b6f1ab7ab9338280447baa8ca5c",
          "version": "3.1.0"
        }
      },
      {
        "package": "PerfectMySQL",
        "repositoryURL": "https://github.com/PerfectlySoft/Perfect-MySQL.git",
        "state": {
          "branch": null,
          "revision": "c96be8e03e4e1cd50dc82307c381be1e7c75f13d",
          "version": "3.4.0"
        }
      },
      {
        "package": "mysqlclient",
        "repositoryURL": "https://github.com/PerfectlySoft/Perfect-mysqlclient-Linux.git",
        "state": {
          "branch": null,
          "revision": "5401a4713557237baabaef1caea93467cf5af138",
          "version": "2.1.0"
        }
      },
      {
        "package": "PerfectThread",
        "repositoryURL": "https://github.com/PerfectlySoft/Perfect-Thread.git",
        "state": {
          "branch": null,
          "revision": "04fcd2d29f50e05dbca907219322fd475c205c33",
          "version": "3.0.5"
        }
      },
      {
        "package": "SMServerLib",
        "repositoryURL": "https://github.com/crspybits/SMServerLib.git",
        "state": {
          "branch": null,
          "revision": "4795a8069e85c8c25912e174ff0af8b82dd05444",
          "version": "1.0.0"
        }
      },
      {
        "package": "SwiftAWSSignatureV4",
        "repositoryURL": "https://github.com/crspybits/SwiftAWSSignatureV4.git",
        "state": {
          "branch": "master",
          "revision": "60ccaf959d628d919eeb11f92104692bef0865b5",
          "version": null
        }
      },
      {
        "package": "SwiftyAWSSNS",
        "repositoryURL": "https://github.com/crspybits/SwiftyAWSSNS.git",
        "state": {
          "branch": "master",
          "revision": "cb75fb8551b581ef12aa1e9ca654c5c384995245",
          "version": null
        }
      },
      {
        "package": "SyncServerShared",
        "repositoryURL": "https://github.com/crspybits/SyncServer-Shared.git",
        "state": {
          "branch": "dev",
          "revision": "d627f8beb91f90b6e004a02635d69e30b171093b",
          "version": null
        }
      },
      {
        "package": "TypeDecoder",
        "repositoryURL": "https://github.com/IBM-Swift/TypeDecoder.git",
        "state": {
          "branch": null,
          "revision": "2fd9b413df610a526ae5291aaf860cbb8b1856b5",
          "version": "1.3.0"
        }
      }
    ]
  },
  "version": 1
}
