{
  "object": {
    "pins": [
      {
        "package": "Cryptor",
        "repositoryURL": "https://github.com/IBM-Swift/BlueCryptor.git",
        "state": {
          "branch": null,
          "revision": "de20ec9af166d779a08c16f05146f4b9124478d0",
          "version": "0.8.27"
        }
      },
      {
        "package": "Socket",
        "repositoryURL": "https://github.com/IBM-Swift/BlueSocket.git",
        "state": {
          "branch": null,
          "revision": "26c8f4e4e3000421a0c97aaf0c7b5e9aa5475222",
          "version": "0.12.94"
        }
      },
      {
        "package": "SSLService",
        "repositoryURL": "https://github.com/IBM-Swift/BlueSSLService.git",
        "state": {
          "branch": null,
          "revision": "3a87b64a97fb8e923f52f2a68e31e7bd4fc46b42",
          "version": "0.12.84"
        }
      },
      {
        "package": "CCurl",
        "repositoryURL": "https://github.com/IBM-Swift/CCurl.git",
        "state": {
          "branch": null,
          "revision": "f481bd86e58787824cc1c1ec1786e03b67831f38",
          "version": "0.4.1"
        }
      },
      {
        "package": "CommonCrypto",
        "repositoryURL": "https://github.com/IBM-Swift/CommonCrypto.git",
        "state": {
          "branch": null,
          "revision": "9156d238dbc4c15455b77b45e721b2bb0b995e31",
          "version": "0.1.5"
        }
      },
      {
        "package": "CredentialsDropbox",
        "repositoryURL": "https://github.com/crspybits/CredentialsDropbox.git",
        "state": {
          "branch": null,
          "revision": "fd8dbac145674f6dff1f425aa89b362983e2bf02",
          "version": "0.1.0"
        }
      },
      {
        "package": "Gloss",
        "repositoryURL": "https://github.com/crspybits/Gloss.git",
        "state": {
          "branch": null,
          "revision": "4bba1107e35aa091c25d94a4a808f052f4ba6a06",
          "version": "1.2.7"
        }
      },
      {
        "package": "HeliumLogger",
        "repositoryURL": "https://github.com/IBM-Swift/HeliumLogger.git",
        "state": {
          "branch": null,
          "revision": "2afeb4c02f5a48a7fbd081fe8607b91eeebd7ecb",
          "version": "1.7.1"
        }
      },
      {
        "package": "Kitura",
        "repositoryURL": "https://github.com/IBM-Swift/Kitura.git",
        "state": {
          "branch": null,
          "revision": "e02c756134c5b399cfc45f186bc2c6f1d51032d1",
          "version": "1.7.9"
        }
      },
      {
        "package": "Kitura-Credentials",
        "repositoryURL": "https://github.com/IBM-Swift/Kitura-Credentials.git",
        "state": {
          "branch": null,
          "revision": "f773c304c3a852543fee901f6fc5e8c39f9795ac",
          "version": "1.7.2"
        }
      },
      {
        "package": "Kitura-CredentialsFacebook",
        "repositoryURL": "https://github.com/IBM-Swift/Kitura-CredentialsFacebook.git",
        "state": {
          "branch": null,
          "revision": "cfae7fce63d3510f0dab3c116709e6f3cd0a47d4",
          "version": "1.7.0"
        }
      },
      {
        "package": "Kitura-CredentialsGoogle",
        "repositoryURL": "https://github.com/IBM-Swift/Kitura-CredentialsGoogle.git",
        "state": {
          "branch": null,
          "revision": "c83c959188d1957d41729ea5b83f3e8b12f62ad4",
          "version": "1.7.0"
        }
      },
      {
        "package": "Kitura-net",
        "repositoryURL": "https://github.com/IBM-Swift/Kitura-net.git",
        "state": {
          "branch": null,
          "revision": "96c196ef01533f199642e7d39cff51dd50c05faf",
          "version": "1.7.20"
        }
      },
      {
        "package": "Kitura-Session",
        "repositoryURL": "https://github.com/IBM-Swift/Kitura-Session.git",
        "state": {
          "branch": null,
          "revision": "edad435a74ee588eafd4aa883e5d15061dbd3d09",
          "version": "1.7.0"
        }
      },
      {
        "package": "Kitura-TemplateEngine",
        "repositoryURL": "https://github.com/IBM-Swift/Kitura-TemplateEngine.git",
        "state": {
          "branch": null,
          "revision": "d43155da4dadd91c1d34d76e317571dc54655594",
          "version": "1.7.4"
        }
      },
      {
        "package": "LoggerAPI",
        "repositoryURL": "https://github.com/IBM-Swift/LoggerAPI.git",
        "state": {
          "branch": null,
          "revision": "5041f2673aa75d6e973d9b6bd3956bc5068387c8",
          "version": "1.7.3"
        }
      },
      {
        "package": "PerfectLib",
        "repositoryURL": "https://github.com/PerfectlySoft/Perfect.git",
        "state": {
          "branch": null,
          "revision": "e85a9ead840f80dfd85ca90627cf88cfb6e0cb59",
          "version": "2.0.11"
        }
      },
      {
        "package": "MySQL",
        "repositoryURL": "https://github.com/crspybits/Perfect-MySQL.git",
        "state": {
          "branch": null,
          "revision": "a4956a13740cf7bc332673e75cb1b4bf14816ae6",
          "version": "2.1.2"
        }
      },
      {
        "package": "mysqlclient",
        "repositoryURL": "https://github.com/PerfectlySoft/Perfect-mysqlclient.git",
        "state": {
          "branch": null,
          "revision": "51991fc81e40ddef36e8db1868c9b7f1f83d30dc",
          "version": "2.0.1"
        }
      },
      {
        "package": "PerfectThread",
        "repositoryURL": "https://github.com/PerfectlySoft/Perfect-Thread.git",
        "state": {
          "branch": null,
          "revision": "7d09e1830dd8e46b99c34a754a0bf4c2d567794e",
          "version": "2.0.12"
        }
      },
      {
        "package": "SMServerLib",
        "repositoryURL": "https://github.com/crspybits/SMServerLib.git",
        "state": {
          "branch": null,
          "revision": "250276c0abff3031303f7d3633f0e7e3ee64be14",
          "version": "0.0.5"
        }
      },
      {
        "package": "SwiftyJSON",
        "repositoryURL": "https://github.com/IBM-Swift/SwiftyJSON.git",
        "state": {
          "branch": null,
          "revision": "7eb6c83f91c519c19e6a507d604c9176d5ae5b15",
          "version": "17.0.1"
        }
      },
      {
        "package": "SyncServer_Shared",
        "repositoryURL": "https://github.com/crspybits/SyncServer-Shared.git",
        "state": {
          "branch": null,
          "revision": "727f0271febbe4385eae20d324886ac816d2590b",
          "version": "6.2.0"
        }
      }
    ]
  },
  "version": 1
}
