PODS:
  - AFNetworking (3.1.0):
    - AFNetworking/NSURLSession (= 3.1.0)
    - AFNetworking/Reachability (= 3.1.0)
    - AFNetworking/Security (= 3.1.0)
    - AFNetworking/Serialization (= 3.1.0)
    - AFNetworking/UIKit (= 3.1.0)
  - AFNetworking/NSURLSession (3.1.0):
    - AFNetworking/Reachability
    - AFNetworking/Security
    - AFNetworking/Serialization
  - AFNetworking/Reachability (3.1.0)
  - AFNetworking/Security (3.1.0)
  - AFNetworking/Serialization (3.1.0)
  - AFNetworking/UIKit (3.1.0):
    - AFNetworking/NSURLSession
  - FirebaseAnalytics (3.8.0):
    - FirebaseCore (~> 3.6)
    - FirebaseInstanceID (~> 1.0)
    - GoogleToolboxForMac/NSData+zlib (~> 2.1)
  - FirebaseCore (3.6.0):
    - GoogleToolboxForMac/NSData+zlib (~> 2.1)
  - FirebaseInstanceID (1.0.10):
    - FirebaseCore (~> 3.6)
  - Gloss (1.2.4)
  - Google/Core (3.0.3):
    - FirebaseAnalytics (~> 3.2)
  - Google/SignIn (3.0.3):
    - Google/Core
    - GoogleSignIn (~> 4.0)
  - GoogleSignIn (4.0.2):
    - GoogleToolboxForMac/NSDictionary+URLArguments (~> 2.1)
    - GoogleToolboxForMac/NSString+URLArguments (~> 2.1)
    - GTMOAuth2 (~> 1.0)
    - GTMSessionFetcher/Core (~> 1.1)
  - GoogleToolboxForMac/DebugUtils (2.1.1):
    - GoogleToolboxForMac/Defines (= 2.1.1)
  - GoogleToolboxForMac/Defines (2.1.1)
  - GoogleToolboxForMac/NSData+zlib (2.1.1):
    - GoogleToolboxForMac/Defines (= 2.1.1)
  - GoogleToolboxForMac/NSDictionary+URLArguments (2.1.1):
    - GoogleToolboxForMac/DebugUtils (= 2.1.1)
    - GoogleToolboxForMac/Defines (= 2.1.1)
    - GoogleToolboxForMac/NSString+URLArguments (= 2.1.1)
  - GoogleToolboxForMac/NSString+URLArguments (2.1.1)
  - GTMOAuth2 (1.1.4):
    - GTMSessionFetcher (~> 1.1)
  - GTMSessionFetcher (1.1.9):
    - GTMSessionFetcher/Full (= 1.1.9)
  - GTMSessionFetcher/Core (1.1.9)
  - GTMSessionFetcher/Full (1.1.9):
    - GTMSessionFetcher/Core (= 1.1.9)
  - HPTextViewTapGestureRecognizer (0.1)
  - Reachability (3.2)
  - Reflection (0.14.3)
  - SevenSwitch (2.1.0)
  - SMCoreLib (0.0.27):
    - AFNetworking
    - HPTextViewTapGestureRecognizer (~> 0.1)
    - Reachability
    - SwiftyBeaver
  - SwiftyBeaver (1.2.0)
  - SyncServer (0.1.0):
    - AFNetworking
    - Gloss
    - Reflection
    - SMCoreLib

DEPENDENCIES:
  - Google/SignIn
  - SevenSwitch (~> 2.1)
  - SMCoreLib
  - SyncServer (from `../Client/`)

EXTERNAL SOURCES:
  SyncServer:
    :path: ../Client/

SPEC CHECKSUMS:
  AFNetworking: 5e0e199f73d8626b11e79750991f5d173d1f8b67
  FirebaseAnalytics: 920e46455f27b0a52a80907a6d9b73ee4bd1c635
  FirebaseCore: 9691ee2ade70c098d7cf92440f4303f16d83ca75
  FirebaseInstanceID: b9eedd6846fb5e1f0f7279e1deaa7a7e4cf8392e
  Gloss: 4e036074610fdb993abcb958ebcd7332588e2333
  Google: 813c467362eabc11385f5a5cc9ad0cb651a58f4e
  GoogleSignIn: d7ad83f13480e1f30453471d00d19b5293ac46af
  GoogleToolboxForMac: 8e329f1b599f2512c6b10676d45736bcc2cbbeb0
  GTMOAuth2: 7fc9c10f5c745f4d9850419ea88889fe3baa6b7d
  GTMSessionFetcher: 5c046c76a1f859bc9c187e918f18e4fc7bb57b5e
  HPTextViewTapGestureRecognizer: 6a73fd09f858e49a2743c3a338dc5c0791b0fae0
  Reachability: 33e18b67625424e47b6cde6d202dce689ad7af96
  Reflection: 93327e50981227ac33c18274fcbaed33b1127811
  SevenSwitch: 5543327829b7bec5b29b73bad5f3cc3f92c1736d
  SMCoreLib: 8319b7a5827a09ed349cba5369c3f1a639848c53
  SwiftyBeaver: ee865c50ec462ff142f232145057818491c2b344
  SyncServer: ca7d76d87cdc430da5c47138ab66519bca456b4d

PODFILE CHECKSUM: f0a6705ab7e42e53fec3bb00b04ba7ddfee62fee

COCOAPODS: 1.2.0
