<?xml version="1.0" encoding="UTF-8"?>
<Scheme
   LastUpgradeVersion = "9999"
   version = "1.3">
   <BuildAction
      parallelizeBuildables = "YES"
      buildImplicitDependencies = "YES">
      <BuildActionEntries>
         <BuildActionEntry
            buildForTesting = "YES"
            buildForRunning = "YES"
            buildForProfiling = "YES"
            buildForArchiving = "YES"
            buildForAnalyzing = "YES">
            <BuildableReference
               BuildableIdentifier = "primary"
               BlueprintIdentifier = "Server::Main"
               BuildableName = "Main"
               BlueprintName = "Main"
               ReferencedContainer = "container:Server.xcodeproj">
            </BuildableReference>
         </BuildActionEntry>
         <BuildActionEntry
            buildForTesting = "YES"
            buildForRunning = "YES"
            buildForProfiling = "YES"
            buildForArchiving = "YES"
            buildForAnalyzing = "YES">
            <BuildableReference
               BuildableIdentifier = "primary"
               BlueprintIdentifier = "Server::Server"
               BuildableName = "Server.framework"
               BlueprintName = "Server"
               ReferencedContainer = "container:Server.xcodeproj">
            </BuildableReference>
         </BuildActionEntry>
      </BuildActionEntries>
   </BuildAction>
   <TestAction
      buildConfiguration = "Debug"
      selectedDebuggerIdentifier = "Xcode.DebuggerFoundation.Debugger.LLDB"
      selectedLauncherIdentifier = "Xcode.DebuggerFoundation.Launcher.LLDB"
      shouldUseLaunchSchemeArgsEnv = "YES">
      <Testables>
         <TestableReference
            skipped = "NO">
            <BuildableReference
               BuildableIdentifier = "primary"
               BlueprintIdentifier = "Server::SharingTests"
               BuildableName = "SharingTests.xctest"
               BlueprintName = "SharingTests"
               ReferencedContainer = "container:Server.xcodeproj">
            </BuildableReference>
         </TestableReference>
         <TestableReference
            skipped = "NO">
            <BuildableReference
               BuildableIdentifier = "primary"
               BlueprintIdentifier = "Server::UserControllerTests"
               BuildableName = "UserControllerTests.xctest"
               BlueprintName = "UserControllerTests"
               ReferencedContainer = "container:Server.xcodeproj">
            </BuildableReference>
         </TestableReference>
         <TestableReference
            skipped = "NO">
            <BuildableReference
               BuildableIdentifier = "primary"
               BlueprintIdentifier = "Server::TestsCommon"
               BuildableName = "TestsCommon.xctest"
               BlueprintName = "TestsCommon"
               ReferencedContainer = "container:Server.xcodeproj">
            </BuildableReference>
         </TestableReference>
         <TestableReference
            skipped = "NO">
            <BuildableReference
               BuildableIdentifier = "primary"
               BlueprintIdentifier = "Server::DatabaseTests"
               BuildableName = "DatabaseTests.xctest"
               BlueprintName = "DatabaseTests"
               ReferencedContainer = "container:Server.xcodeproj">
            </BuildableReference>
         </TestableReference>
         <TestableReference
            skipped = "NO">
            <BuildableReference
               BuildableIdentifier = "primary"
               BlueprintIdentifier = "Server::ChangeResolverTests"
               BuildableName = "ChangeResolverTests.xctest"
               BlueprintName = "ChangeResolverTests"
               ReferencedContainer = "container:Server.xcodeproj">
            </BuildableReference>
         </TestableReference>
         <TestableReference
            skipped = "NO">
            <BuildableReference
               BuildableIdentifier = "primary"
               BlueprintIdentifier = "Server::OtherTests"
               BuildableName = "OtherTests.xctest"
               BlueprintName = "OtherTests"
               ReferencedContainer = "container:Server.xcodeproj">
            </BuildableReference>
         </TestableReference>
         <TestableReference
            skipped = "NO">
            <BuildableReference
               BuildableIdentifier = "primary"
               BlueprintIdentifier = "Server::PushNotificationTests"
               BuildableName = "PushNotificationTests.xctest"
               BlueprintName = "PushNotificationTests"
               ReferencedContainer = "container:Server.xcodeproj">
            </BuildableReference>
         </TestableReference>
         <TestableReference
            skipped = "NO">
            <BuildableReference
               BuildableIdentifier = "primary"
               BlueprintIdentifier = "Server::UploaderTests"
               BuildableName = "UploaderTests.xctest"
               BlueprintName = "UploaderTests"
               ReferencedContainer = "container:Server.xcodeproj">
            </BuildableReference>
         </TestableReference>
         <TestableReference
            skipped = "NO">
            <BuildableReference
               BuildableIdentifier = "primary"
               BlueprintIdentifier = "Server::FileControllerTests"
               BuildableName = "FileControllerTests.xctest"
               BlueprintName = "FileControllerTests"
               ReferencedContainer = "container:Server.xcodeproj">
            </BuildableReference>
         </TestableReference>
         <TestableReference
            skipped = "NO">
            <BuildableReference
               BuildableIdentifier = "primary"
               BlueprintIdentifier = "Server::FileControllerUploadDeletionTests"
               BuildableName = "FileControllerUploadDeletionTests.xctest"
               BlueprintName = "FileControllerUploadDeletionTests"
               ReferencedContainer = "container:Server.xcodeproj">
            </BuildableReference>
         </TestableReference>
         <TestableReference
            skipped = "NO">
            <BuildableReference
               BuildableIdentifier = "primary"
               BlueprintIdentifier = "Server::FileControllerBothUploadTests"
               BuildableName = "FileControllerBothUploadTests.xctest"
               BlueprintName = "FileControllerBothUploadTests"
               ReferencedContainer = "container:Server.xcodeproj">
            </BuildableReference>
         </TestableReference>
         <TestableReference
            skipped = "NO">
            <BuildableReference
               BuildableIdentifier = "primary"
               BlueprintIdentifier = "Server::AccountFileTests"
               BuildableName = "AccountFileTests.xctest"
               BlueprintName = "AccountFileTests"
               ReferencedContainer = "container:Server.xcodeproj">
            </BuildableReference>
         </TestableReference>
         <TestableReference
            skipped = "NO">
            <BuildableReference
               BuildableIdentifier = "primary"
               BlueprintIdentifier = "Server::AccountAuthenticationTests"
               BuildableName = "AccountAuthenticationTests.xctest"
               BlueprintName = "AccountAuthenticationTests"
               ReferencedContainer = "container:Server.xcodeproj">
            </BuildableReference>
         </TestableReference>
         <TestableReference
            skipped = "NO">
            <BuildableReference
               BuildableIdentifier = "primary"
               BlueprintIdentifier = "Server::FileControllerUploadFileTests"
               BuildableName = "FileControllerUploadFileTests.xctest"
               BlueprintName = "FileControllerUploadFileTests"
               ReferencedContainer = "container:Server.xcodeproj">
            </BuildableReference>
         </TestableReference>
      </Testables>
   </TestAction>
   <LaunchAction
      buildConfiguration = "Debug"
      selectedDebuggerIdentifier = "Xcode.DebuggerFoundation.Debugger.LLDB"
      selectedLauncherIdentifier = "Xcode.DebuggerFoundation.Launcher.LLDB"
      launchStyle = "0"
      useCustomWorkingDirectory = "NO"
      ignoresPersistentStateOnLaunch = "NO"
      debugDocumentVersioning = "YES"
      debugServiceExtension = "internal"
      allowLocationSimulation = "YES">
   </LaunchAction>
   <ProfileAction
      buildConfiguration = "Release"
      shouldUseLaunchSchemeArgsEnv = "YES"
      savedToolIdentifier = ""
      useCustomWorkingDirectory = "NO"
      debugDocumentVersioning = "YES">
   </ProfileAction>
   <AnalyzeAction
      buildConfiguration = "Debug">
   </AnalyzeAction>
   <ArchiveAction
      buildConfiguration = "Release"
      revealArchiveInOrganizer = "YES">
   </ArchiveAction>
</Scheme>
