// !$*UTF8*$!
{
	archiveVersion = 1;
	classes = {
	};
	objectVersion = 46;
	objects = {

/* Begin PBXAggregateTarget section */
		"Server::ServerPackageTests::ProductTarget" /* ServerPackageTests */ = {
			isa = PBXAggregateTarget;
			buildConfigurationList = OBJ_180 /* Build configuration list for PBXAggregateTarget "ServerPackageTests" */;
			buildPhases = (
			);
			dependencies = (
				OBJ_183 /* PBXTargetDependency */,
			);
			name = ServerPackageTests;
			productName = ServerPackageTests;
		};
/* End PBXAggregateTarget section */

/* Begin PBXBuildFile section */
		50E0C44D595F6DB74E9372EF /* ServerTests.json in CopyFiles */ = {isa = PBXBuildFile; fileRef = C1EDB63C587EF0F67A4734CA /* ServerTests.json */; };
		6B87914039639D2D443D88AC /* Server.json in CopyFiles */ = {isa = PBXBuildFile; fileRef = DFFBF76C45D98D3492ECBF49 /* Server.json */; };
		83C5CE121FDD004C0024979A /* AccountAuthenticationTests_Dropbox.swift in Sources */ = {isa = PBXBuildFile; fileRef = 83C5CE111FDD004C0024979A /* AccountAuthenticationTests_Dropbox.swift */; };
		83C5CE141FDDBD880024979A /* LinuxMain.swift in Sources */ = {isa = PBXBuildFile; fileRef = 83C5CE131FDDBD880024979A /* LinuxMain.swift */; };
		OBJ_100 /* AccountAuthenticationTests_Facebook.swift in Sources */ = {isa = PBXBuildFile; fileRef = OBJ_55 /* AccountAuthenticationTests_Facebook.swift */; };
		OBJ_101 /* AccountAuthenticationTests_Google.swift in Sources */ = {isa = PBXBuildFile; fileRef = OBJ_56 /* AccountAuthenticationTests_Google.swift */; };
		OBJ_102 /* DatabaseModelTests.swift in Sources */ = {isa = PBXBuildFile; fileRef = OBJ_57 /* DatabaseModelTests.swift */; };
		OBJ_103 /* DatabaseTransactionTests.swift in Sources */ = {isa = PBXBuildFile; fileRef = OBJ_58 /* DatabaseTransactionTests.swift */; };
		OBJ_104 /* FailureTests.swift in Sources */ = {isa = PBXBuildFile; fileRef = OBJ_59 /* FailureTests.swift */; };
		OBJ_105 /* FileControllerTests.swift in Sources */ = {isa = PBXBuildFile; fileRef = OBJ_60 /* FileControllerTests.swift */; };
		OBJ_106 /* FileControllerTests_GetUploads.swift in Sources */ = {isa = PBXBuildFile; fileRef = OBJ_61 /* FileControllerTests_GetUploads.swift */; };
		OBJ_107 /* FileControllerTests_UploadDeletion.swift in Sources */ = {isa = PBXBuildFile; fileRef = OBJ_62 /* FileControllerTests_UploadDeletion.swift */; };
		OBJ_108 /* FileController_DoneUploadsTests.swift in Sources */ = {isa = PBXBuildFile; fileRef = OBJ_63 /* FileController_DoneUploadsTests.swift */; };
		OBJ_109 /* FileController_UploadTests.swift in Sources */ = {isa = PBXBuildFile; fileRef = OBJ_64 /* FileController_UploadTests.swift */; };
		OBJ_110 /* GeneralAuthTests.swift in Sources */ = {isa = PBXBuildFile; fileRef = OBJ_65 /* GeneralAuthTests.swift */; };
		OBJ_111 /* GeneralDatabaseTests.swift in Sources */ = {isa = PBXBuildFile; fileRef = OBJ_66 /* GeneralDatabaseTests.swift */; };
		OBJ_112 /* GoogleDriveTests.swift in Sources */ = {isa = PBXBuildFile; fileRef = OBJ_67 /* GoogleDriveTests.swift */; };
		OBJ_113 /* KituraTest.swift in Sources */ = {isa = PBXBuildFile; fileRef = OBJ_68 /* KituraTest.swift */; };
		OBJ_114 /* MessageTests.swift in Sources */ = {isa = PBXBuildFile; fileRef = OBJ_69 /* MessageTests.swift */; };
		OBJ_115 /* ServerTestCase.swift in Sources */ = {isa = PBXBuildFile; fileRef = OBJ_70 /* ServerTestCase.swift */; };
		OBJ_116 /* SharingAccountsController_CreateSharingInvitation.swift in Sources */ = {isa = PBXBuildFile; fileRef = OBJ_71 /* SharingAccountsController_CreateSharingInvitation.swift */; };
		OBJ_117 /* SharingAccountsController_RedeemSharingInvitation.swift in Sources */ = {isa = PBXBuildFile; fileRef = OBJ_72 /* SharingAccountsController_RedeemSharingInvitation.swift */; };
		OBJ_118 /* Sharing_FileManipulationTests.swift in Sources */ = {isa = PBXBuildFile; fileRef = OBJ_73 /* Sharing_FileManipulationTests.swift */; };
		OBJ_119 /* SpecificDatabaseTests.swift in Sources */ = {isa = PBXBuildFile; fileRef = OBJ_74 /* SpecificDatabaseTests.swift */; };
		OBJ_120 /* SpecificDatabaseTests_SharingInvitationRepository.swift in Sources */ = {isa = PBXBuildFile; fileRef = OBJ_75 /* SpecificDatabaseTests_SharingInvitationRepository.swift */; };
		OBJ_121 /* SpecificDatabaseTests_Uploads.swift in Sources */ = {isa = PBXBuildFile; fileRef = OBJ_76 /* SpecificDatabaseTests_Uploads.swift */; };
		OBJ_122 /* SpecificDatabaseTests_UserRepository.swift in Sources */ = {isa = PBXBuildFile; fileRef = OBJ_77 /* SpecificDatabaseTests_UserRepository.swift */; };
		OBJ_123 /* UserControllerTests.swift in Sources */ = {isa = PBXBuildFile; fileRef = OBJ_78 /* UserControllerTests.swift */; };
		OBJ_124 /* UtilsTests.swift in Sources */ = {isa = PBXBuildFile; fileRef = OBJ_79 /* UtilsTests.swift */; };
		OBJ_126 /* Server.framework in Frameworks */ = {isa = PBXBuildFile; fileRef = "Server::Server::Product" /* Server.framework */; };
		OBJ_135 /* main.swift in Sources */ = {isa = PBXBuildFile; fileRef = OBJ_52 /* main.swift */; };
		OBJ_137 /* Server.framework in Frameworks */ = {isa = PBXBuildFile; fileRef = "Server::Server::Product" /* Server.framework */; };
		OBJ_143 /* Account.swift in Sources */ = {isa = PBXBuildFile; fileRef = OBJ_10 /* Account.swift */; };
		OBJ_144 /* AccountManager.swift in Sources */ = {isa = PBXBuildFile; fileRef = OBJ_11 /* AccountManager.swift */; };
		OBJ_145 /* CloudStorage.swift in Sources */ = {isa = PBXBuildFile; fileRef = OBJ_12 /* CloudStorage.swift */; };
		OBJ_146 /* DropboxCreds.swift in Sources */ = {isa = PBXBuildFile; fileRef = OBJ_13 /* DropboxCreds.swift */; };
		OBJ_147 /* FacebookCreds.swift in Sources */ = {isa = PBXBuildFile; fileRef = OBJ_14 /* FacebookCreds.swift */; };
		OBJ_148 /* GoogleCreds+GoogleDrive.swift in Sources */ = {isa = PBXBuildFile; fileRef = OBJ_15 /* GoogleCreds+GoogleDrive.swift */; };
		OBJ_149 /* GoogleCreds.swift in Sources */ = {isa = PBXBuildFile; fileRef = OBJ_16 /* GoogleCreds.swift */; };
		OBJ_150 /* Constants.swift in Sources */ = {isa = PBXBuildFile; fileRef = OBJ_18 /* Constants.swift */; };
		OBJ_151 /* Controllers.swift in Sources */ = {isa = PBXBuildFile; fileRef = OBJ_19 /* Controllers.swift */; };
		OBJ_152 /* FileController+DoneUploads.swift in Sources */ = {isa = PBXBuildFile; fileRef = OBJ_21 /* FileController+DoneUploads.swift */; };
		OBJ_153 /* FileController+DownloadFile.swift in Sources */ = {isa = PBXBuildFile; fileRef = OBJ_22 /* FileController+DownloadFile.swift */; };
		OBJ_154 /* FileController+UploadDeletion.swift in Sources */ = {isa = PBXBuildFile; fileRef = OBJ_23 /* FileController+UploadDeletion.swift */; };
		OBJ_155 /* FileController+UploadFile.swift in Sources */ = {isa = PBXBuildFile; fileRef = OBJ_24 /* FileController+UploadFile.swift */; };
		OBJ_156 /* FileController.swift in Sources */ = {isa = PBXBuildFile; fileRef = OBJ_25 /* FileController.swift */; };
		OBJ_157 /* SharingAccountsController.swift in Sources */ = {isa = PBXBuildFile; fileRef = OBJ_26 /* SharingAccountsController.swift */; };
		OBJ_158 /* UserController.swift in Sources */ = {isa = PBXBuildFile; fileRef = OBJ_27 /* UserController.swift */; };
		OBJ_159 /* UtilController.swift in Sources */ = {isa = PBXBuildFile; fileRef = OBJ_28 /* UtilController.swift */; };
		OBJ_160 /* Database.swift in Sources */ = {isa = PBXBuildFile; fileRef = OBJ_30 /* Database.swift */; };
		OBJ_161 /* DeviceUUIDRepository.swift in Sources */ = {isa = PBXBuildFile; fileRef = OBJ_31 /* DeviceUUIDRepository.swift */; };
		OBJ_162 /* FileIndexRepository.swift in Sources */ = {isa = PBXBuildFile; fileRef = OBJ_33 /* FileIndexRepository.swift */; };
		OBJ_163 /* UploadRepository.swift in Sources */ = {isa = PBXBuildFile; fileRef = OBJ_34 /* UploadRepository.swift */; };
		OBJ_164 /* LockRepository.swift in Sources */ = {isa = PBXBuildFile; fileRef = OBJ_35 /* LockRepository.swift */; };
		OBJ_165 /* MasterVersionRepository.swift in Sources */ = {isa = PBXBuildFile; fileRef = OBJ_36 /* MasterVersionRepository.swift */; };
		OBJ_166 /* Model.swift in Sources */ = {isa = PBXBuildFile; fileRef = OBJ_37 /* Model.swift */; };
		OBJ_167 /* Repositories.swift in Sources */ = {isa = PBXBuildFile; fileRef = OBJ_38 /* Repositories.swift */; };
		OBJ_168 /* Repository.swift in Sources */ = {isa = PBXBuildFile; fileRef = OBJ_39 /* Repository.swift */; };
		OBJ_169 /* SharingInvitationRepository.swift in Sources */ = {isa = PBXBuildFile; fileRef = OBJ_40 /* SharingInvitationRepository.swift */; };
		OBJ_170 /* UserRepository.swift in Sources */ = {isa = PBXBuildFile; fileRef = OBJ_41 /* UserRepository.swift */; };
		OBJ_171 /* ServerMain.swift in Sources */ = {isa = PBXBuildFile; fileRef = OBJ_42 /* ServerMain.swift */; };
		OBJ_172 /* CreateRoutes.swift in Sources */ = {isa = PBXBuildFile; fileRef = OBJ_44 /* CreateRoutes.swift */; };
		OBJ_173 /* RequestHandler.swift in Sources */ = {isa = PBXBuildFile; fileRef = OBJ_45 /* RequestHandler.swift */; };
		OBJ_174 /* ServerRoutes.swift in Sources */ = {isa = PBXBuildFile; fileRef = OBJ_46 /* ServerRoutes.swift */; };
		OBJ_175 /* ServerSetup.swift in Sources */ = {isa = PBXBuildFile; fileRef = OBJ_47 /* ServerSetup.swift */; };
		OBJ_176 /* AsyncTailRecursion.swift in Sources */ = {isa = PBXBuildFile; fileRef = OBJ_49 /* AsyncTailRecursion.swift */; };
		OBJ_177 /* NSObject+Extras.swift in Sources */ = {isa = PBXBuildFile; fileRef = OBJ_50 /* NSObject+Extras.swift */; };
		OBJ_94 /* Package.swift in Sources */ = {isa = PBXBuildFile; fileRef = OBJ_6 /* Package.swift */; };
/* End PBXBuildFile section */

/* Begin PBXContainerItemProxy section */
		83C5CE0D1FDBB70D0024979A /* PBXContainerItemProxy */ = {
			isa = PBXContainerItemProxy;
			containerPortal = OBJ_1 /* Project object */;
			proxyType = 1;
			remoteGlobalIDString = "Server::Server";
			remoteInfo = Server;
		};
		83C5CE0E1FDBB70D0024979A /* PBXContainerItemProxy */ = {
			isa = PBXContainerItemProxy;
			containerPortal = OBJ_1 /* Project object */;
			proxyType = 1;
			remoteGlobalIDString = "Server::Main";
			remoteInfo = Main;
		};
		83C5CE0F1FDBB70D0024979A /* PBXContainerItemProxy */ = {
			isa = PBXContainerItemProxy;
			containerPortal = OBJ_1 /* Project object */;
			proxyType = 1;
			remoteGlobalIDString = "Server::Server";
			remoteInfo = Server;
		};
		83C5CE101FDBB70D0024979A /* PBXContainerItemProxy */ = {
			isa = PBXContainerItemProxy;
			containerPortal = OBJ_1 /* Project object */;
			proxyType = 1;
			remoteGlobalIDString = "Server::ServerTests";
			remoteInfo = ServerTests;
		};
/* End PBXContainerItemProxy section */

/* Begin PBXCopyFilesBuildPhase section */
		8CCF2FFECA4321218DD13F6E /* CopyFiles */ = {
			isa = PBXCopyFilesBuildPhase;
			buildActionMask = 2147483647;
			dstPath = "";
			dstSubfolderSpec = 16;
			files = (
				6B87914039639D2D443D88AC /* Server.json in CopyFiles */,
				50E0C44D595F6DB74E9372EF /* ServerTests.json in CopyFiles */,
			);
			runOnlyForDeploymentPostprocessing = 0;
		};
/* End PBXCopyFilesBuildPhase section */

/* Begin PBXFileReference section */
		83C5CE111FDD004C0024979A /* AccountAuthenticationTests_Dropbox.swift */ = {isa = PBXFileReference; fileEncoding = 4; lastKnownFileType = sourcecode.swift; path = AccountAuthenticationTests_Dropbox.swift; sourceTree = "<group>"; };
		83C5CE131FDDBD880024979A /* LinuxMain.swift */ = {isa = PBXFileReference; fileEncoding = 4; lastKnownFileType = sourcecode.swift; name = LinuxMain.swift; path = Tests/LinuxMain.swift; sourceTree = "<group>"; };
		C1EDB63C587EF0F67A4734CA /* ServerTests.json */ = {isa = PBXFileReference; includeInIndex = 1; lastKnownFileType = text.json; path = ServerTests.json; sourceTree = SOURCE_ROOT; };
		DFFBF76C45D98D3492ECBF49 /* Server.json */ = {isa = PBXFileReference; includeInIndex = 1; lastKnownFileType = text.json; path = Server.json; sourceTree = SOURCE_ROOT; };
		OBJ_10 /* Account.swift */ = {isa = PBXFileReference; lastKnownFileType = sourcecode.swift; path = Account.swift; sourceTree = "<group>"; };
		OBJ_11 /* AccountManager.swift */ = {isa = PBXFileReference; lastKnownFileType = sourcecode.swift; path = AccountManager.swift; sourceTree = "<group>"; };
		OBJ_12 /* CloudStorage.swift */ = {isa = PBXFileReference; lastKnownFileType = sourcecode.swift; path = CloudStorage.swift; sourceTree = "<group>"; };
		OBJ_13 /* DropboxCreds.swift */ = {isa = PBXFileReference; lastKnownFileType = sourcecode.swift; path = DropboxCreds.swift; sourceTree = "<group>"; };
		OBJ_14 /* FacebookCreds.swift */ = {isa = PBXFileReference; lastKnownFileType = sourcecode.swift; path = FacebookCreds.swift; sourceTree = "<group>"; };
		OBJ_15 /* GoogleCreds+GoogleDrive.swift */ = {isa = PBXFileReference; lastKnownFileType = sourcecode.swift; path = "GoogleCreds+GoogleDrive.swift"; sourceTree = "<group>"; };
		OBJ_16 /* GoogleCreds.swift */ = {isa = PBXFileReference; lastKnownFileType = sourcecode.swift; path = GoogleCreds.swift; sourceTree = "<group>"; };
		OBJ_18 /* Constants.swift */ = {isa = PBXFileReference; lastKnownFileType = sourcecode.swift; path = Constants.swift; sourceTree = "<group>"; };
		OBJ_19 /* Controllers.swift */ = {isa = PBXFileReference; lastKnownFileType = sourcecode.swift; path = Controllers.swift; sourceTree = "<group>"; };
		OBJ_21 /* FileController+DoneUploads.swift */ = {isa = PBXFileReference; lastKnownFileType = sourcecode.swift; path = "FileController+DoneUploads.swift"; sourceTree = "<group>"; };
		OBJ_22 /* FileController+DownloadFile.swift */ = {isa = PBXFileReference; lastKnownFileType = sourcecode.swift; path = "FileController+DownloadFile.swift"; sourceTree = "<group>"; };
		OBJ_23 /* FileController+UploadDeletion.swift */ = {isa = PBXFileReference; lastKnownFileType = sourcecode.swift; path = "FileController+UploadDeletion.swift"; sourceTree = "<group>"; };
		OBJ_24 /* FileController+UploadFile.swift */ = {isa = PBXFileReference; lastKnownFileType = sourcecode.swift; path = "FileController+UploadFile.swift"; sourceTree = "<group>"; };
		OBJ_25 /* FileController.swift */ = {isa = PBXFileReference; lastKnownFileType = sourcecode.swift; path = FileController.swift; sourceTree = "<group>"; };
		OBJ_26 /* SharingAccountsController.swift */ = {isa = PBXFileReference; lastKnownFileType = sourcecode.swift; path = SharingAccountsController.swift; sourceTree = "<group>"; };
		OBJ_27 /* UserController.swift */ = {isa = PBXFileReference; lastKnownFileType = sourcecode.swift; path = UserController.swift; sourceTree = "<group>"; };
		OBJ_28 /* UtilController.swift */ = {isa = PBXFileReference; lastKnownFileType = sourcecode.swift; path = UtilController.swift; sourceTree = "<group>"; };
		OBJ_30 /* Database.swift */ = {isa = PBXFileReference; lastKnownFileType = sourcecode.swift; path = Database.swift; sourceTree = "<group>"; };
		OBJ_31 /* DeviceUUIDRepository.swift */ = {isa = PBXFileReference; lastKnownFileType = sourcecode.swift; path = DeviceUUIDRepository.swift; sourceTree = "<group>"; };
		OBJ_33 /* FileIndexRepository.swift */ = {isa = PBXFileReference; lastKnownFileType = sourcecode.swift; path = FileIndexRepository.swift; sourceTree = "<group>"; };
		OBJ_34 /* UploadRepository.swift */ = {isa = PBXFileReference; lastKnownFileType = sourcecode.swift; path = UploadRepository.swift; sourceTree = "<group>"; };
		OBJ_35 /* LockRepository.swift */ = {isa = PBXFileReference; lastKnownFileType = sourcecode.swift; path = LockRepository.swift; sourceTree = "<group>"; };
		OBJ_36 /* MasterVersionRepository.swift */ = {isa = PBXFileReference; lastKnownFileType = sourcecode.swift; path = MasterVersionRepository.swift; sourceTree = "<group>"; };
		OBJ_37 /* Model.swift */ = {isa = PBXFileReference; lastKnownFileType = sourcecode.swift; path = Model.swift; sourceTree = "<group>"; };
		OBJ_38 /* Repositories.swift */ = {isa = PBXFileReference; lastKnownFileType = sourcecode.swift; path = Repositories.swift; sourceTree = "<group>"; };
		OBJ_39 /* Repository.swift */ = {isa = PBXFileReference; lastKnownFileType = sourcecode.swift; path = Repository.swift; sourceTree = "<group>"; };
		OBJ_40 /* SharingInvitationRepository.swift */ = {isa = PBXFileReference; lastKnownFileType = sourcecode.swift; path = SharingInvitationRepository.swift; sourceTree = "<group>"; };
		OBJ_41 /* UserRepository.swift */ = {isa = PBXFileReference; lastKnownFileType = sourcecode.swift; path = UserRepository.swift; sourceTree = "<group>"; };
		OBJ_42 /* ServerMain.swift */ = {isa = PBXFileReference; lastKnownFileType = sourcecode.swift; path = ServerMain.swift; sourceTree = "<group>"; };
		OBJ_44 /* CreateRoutes.swift */ = {isa = PBXFileReference; lastKnownFileType = sourcecode.swift; path = CreateRoutes.swift; sourceTree = "<group>"; };
		OBJ_45 /* RequestHandler.swift */ = {isa = PBXFileReference; lastKnownFileType = sourcecode.swift; path = RequestHandler.swift; sourceTree = "<group>"; };
		OBJ_46 /* ServerRoutes.swift */ = {isa = PBXFileReference; lastKnownFileType = sourcecode.swift; path = ServerRoutes.swift; sourceTree = "<group>"; };
		OBJ_47 /* ServerSetup.swift */ = {isa = PBXFileReference; lastKnownFileType = sourcecode.swift; path = ServerSetup.swift; sourceTree = "<group>"; };
		OBJ_49 /* AsyncTailRecursion.swift */ = {isa = PBXFileReference; lastKnownFileType = sourcecode.swift; path = AsyncTailRecursion.swift; sourceTree = "<group>"; };
		OBJ_50 /* NSObject+Extras.swift */ = {isa = PBXFileReference; lastKnownFileType = sourcecode.swift; path = "NSObject+Extras.swift"; sourceTree = "<group>"; };
		OBJ_52 /* main.swift */ = {isa = PBXFileReference; lastKnownFileType = sourcecode.swift; path = main.swift; sourceTree = "<group>"; };
		OBJ_55 /* AccountAuthenticationTests_Facebook.swift */ = {isa = PBXFileReference; lastKnownFileType = sourcecode.swift; path = AccountAuthenticationTests_Facebook.swift; sourceTree = "<group>"; };
		OBJ_56 /* AccountAuthenticationTests_Google.swift */ = {isa = PBXFileReference; lastKnownFileType = sourcecode.swift; path = AccountAuthenticationTests_Google.swift; sourceTree = "<group>"; };
		OBJ_57 /* DatabaseModelTests.swift */ = {isa = PBXFileReference; lastKnownFileType = sourcecode.swift; path = DatabaseModelTests.swift; sourceTree = "<group>"; };
		OBJ_58 /* DatabaseTransactionTests.swift */ = {isa = PBXFileReference; lastKnownFileType = sourcecode.swift; path = DatabaseTransactionTests.swift; sourceTree = "<group>"; };
		OBJ_59 /* FailureTests.swift */ = {isa = PBXFileReference; lastKnownFileType = sourcecode.swift; path = FailureTests.swift; sourceTree = "<group>"; };
		OBJ_6 /* Package.swift */ = {isa = PBXFileReference; explicitFileType = sourcecode.swift; path = Package.swift; sourceTree = "<group>"; };
		OBJ_60 /* FileControllerTests.swift */ = {isa = PBXFileReference; lastKnownFileType = sourcecode.swift; path = FileControllerTests.swift; sourceTree = "<group>"; };
		OBJ_61 /* FileControllerTests_GetUploads.swift */ = {isa = PBXFileReference; lastKnownFileType = sourcecode.swift; path = FileControllerTests_GetUploads.swift; sourceTree = "<group>"; };
		OBJ_62 /* FileControllerTests_UploadDeletion.swift */ = {isa = PBXFileReference; lastKnownFileType = sourcecode.swift; path = FileControllerTests_UploadDeletion.swift; sourceTree = "<group>"; };
		OBJ_63 /* FileController_DoneUploadsTests.swift */ = {isa = PBXFileReference; lastKnownFileType = sourcecode.swift; path = FileController_DoneUploadsTests.swift; sourceTree = "<group>"; };
		OBJ_64 /* FileController_UploadTests.swift */ = {isa = PBXFileReference; lastKnownFileType = sourcecode.swift; path = FileController_UploadTests.swift; sourceTree = "<group>"; };
		OBJ_65 /* GeneralAuthTests.swift */ = {isa = PBXFileReference; lastKnownFileType = sourcecode.swift; path = GeneralAuthTests.swift; sourceTree = "<group>"; };
		OBJ_66 /* GeneralDatabaseTests.swift */ = {isa = PBXFileReference; lastKnownFileType = sourcecode.swift; path = GeneralDatabaseTests.swift; sourceTree = "<group>"; };
		OBJ_67 /* GoogleDriveTests.swift */ = {isa = PBXFileReference; lastKnownFileType = sourcecode.swift; path = GoogleDriveTests.swift; sourceTree = "<group>"; };
		OBJ_68 /* KituraTest.swift */ = {isa = PBXFileReference; lastKnownFileType = sourcecode.swift; path = KituraTest.swift; sourceTree = "<group>"; };
		OBJ_69 /* MessageTests.swift */ = {isa = PBXFileReference; lastKnownFileType = sourcecode.swift; path = MessageTests.swift; sourceTree = "<group>"; };
		OBJ_70 /* ServerTestCase.swift */ = {isa = PBXFileReference; lastKnownFileType = sourcecode.swift; path = ServerTestCase.swift; sourceTree = "<group>"; };
		OBJ_71 /* SharingAccountsController_CreateSharingInvitation.swift */ = {isa = PBXFileReference; lastKnownFileType = sourcecode.swift; path = SharingAccountsController_CreateSharingInvitation.swift; sourceTree = "<group>"; };
		OBJ_72 /* SharingAccountsController_RedeemSharingInvitation.swift */ = {isa = PBXFileReference; lastKnownFileType = sourcecode.swift; path = SharingAccountsController_RedeemSharingInvitation.swift; sourceTree = "<group>"; };
		OBJ_73 /* Sharing_FileManipulationTests.swift */ = {isa = PBXFileReference; lastKnownFileType = sourcecode.swift; path = Sharing_FileManipulationTests.swift; sourceTree = "<group>"; };
		OBJ_74 /* SpecificDatabaseTests.swift */ = {isa = PBXFileReference; lastKnownFileType = sourcecode.swift; path = SpecificDatabaseTests.swift; sourceTree = "<group>"; };
		OBJ_75 /* SpecificDatabaseTests_SharingInvitationRepository.swift */ = {isa = PBXFileReference; lastKnownFileType = sourcecode.swift; path = SpecificDatabaseTests_SharingInvitationRepository.swift; sourceTree = "<group>"; };
		OBJ_76 /* SpecificDatabaseTests_Uploads.swift */ = {isa = PBXFileReference; lastKnownFileType = sourcecode.swift; path = SpecificDatabaseTests_Uploads.swift; sourceTree = "<group>"; };
		OBJ_77 /* SpecificDatabaseTests_UserRepository.swift */ = {isa = PBXFileReference; lastKnownFileType = sourcecode.swift; path = SpecificDatabaseTests_UserRepository.swift; sourceTree = "<group>"; };
		OBJ_78 /* UserControllerTests.swift */ = {isa = PBXFileReference; lastKnownFileType = sourcecode.swift; path = UserControllerTests.swift; sourceTree = "<group>"; };
		OBJ_79 /* UtilsTests.swift */ = {isa = PBXFileReference; lastKnownFileType = sourcecode.swift; path = UtilsTests.swift; sourceTree = "<group>"; };
		OBJ_80 /* devops */ = {isa = PBXFileReference; lastKnownFileType = folder; path = devops; sourceTree = SOURCE_ROOT; };
		OBJ_81 /* Resources */ = {isa = PBXFileReference; lastKnownFileType = folder; path = Resources; sourceTree = SOURCE_ROOT; };
		OBJ_82 /* Docs */ = {isa = PBXFileReference; lastKnownFileType = folder; path = Docs; sourceTree = SOURCE_ROOT; };
		OBJ_83 /* Database migrations */ = {isa = PBXFileReference; lastKnownFileType = folder; path = "Database migrations"; sourceTree = SOURCE_ROOT; };
		"Server::Main::Product" /* Main */ = {isa = PBXFileReference; lastKnownFileType = text; path = Main; sourceTree = BUILT_PRODUCTS_DIR; };
		"Server::Server::Product" /* Server.framework */ = {isa = PBXFileReference; explicitFileType = wrapper.framework; path = Server.framework; sourceTree = BUILT_PRODUCTS_DIR; };
		"Server::ServerTests::Product" /* ServerTests.xctest */ = {isa = PBXFileReference; lastKnownFileType = file; path = ServerTests.xctest; sourceTree = BUILT_PRODUCTS_DIR; };
/* End PBXFileReference section */

/* Begin PBXFrameworksBuildPhase section */
		OBJ_125 /* Frameworks */ = {
			isa = PBXFrameworksBuildPhase;
			buildActionMask = 0;
			files = (
				OBJ_126 /* Server.framework in Frameworks */,
			);
			runOnlyForDeploymentPostprocessing = 0;
		};
		OBJ_136 /* Frameworks */ = {
			isa = PBXFrameworksBuildPhase;
			buildActionMask = 0;
			files = (
				OBJ_137 /* Server.framework in Frameworks */,
			);
			runOnlyForDeploymentPostprocessing = 0;
		};
		OBJ_178 /* Frameworks */ = {
			isa = PBXFrameworksBuildPhase;
			buildActionMask = 0;
			files = (
			);
			runOnlyForDeploymentPostprocessing = 0;
		};
/* End PBXFrameworksBuildPhase section */

/* Begin PBXGroup section */
		83C5CE0C1FDBB70A0024979A /* Recovered References */ = {
			isa = PBXGroup;
			children = (
				DFFBF76C45D98D3492ECBF49 /* Server.json */,
				C1EDB63C587EF0F67A4734CA /* ServerTests.json */,
			);
			name = "Recovered References";
			sourceTree = "<group>";
		};
		OBJ_17 /* Controllers */ = {
			isa = PBXGroup;
			children = (
				OBJ_18 /* Constants.swift */,
				OBJ_19 /* Controllers.swift */,
				OBJ_20 /* FileController */,
				OBJ_26 /* SharingAccountsController.swift */,
				OBJ_27 /* UserController.swift */,
				OBJ_28 /* UtilController.swift */,
			);
			path = Controllers;
			sourceTree = "<group>";
		};
		OBJ_20 /* FileController */ = {
			isa = PBXGroup;
			children = (
				OBJ_21 /* FileController+DoneUploads.swift */,
				OBJ_22 /* FileController+DownloadFile.swift */,
				OBJ_23 /* FileController+UploadDeletion.swift */,
				OBJ_24 /* FileController+UploadFile.swift */,
				OBJ_25 /* FileController.swift */,
			);
			path = FileController;
			sourceTree = "<group>";
		};
		OBJ_29 /* Database */ = {
			isa = PBXGroup;
			children = (
				OBJ_30 /* Database.swift */,
				OBJ_31 /* DeviceUUIDRepository.swift */,
				OBJ_32 /* Files */,
				OBJ_35 /* LockRepository.swift */,
				OBJ_36 /* MasterVersionRepository.swift */,
				OBJ_37 /* Model.swift */,
				OBJ_38 /* Repositories.swift */,
				OBJ_39 /* Repository.swift */,
				OBJ_40 /* SharingInvitationRepository.swift */,
				OBJ_41 /* UserRepository.swift */,
			);
			path = Database;
			sourceTree = "<group>";
		};
		OBJ_32 /* Files */ = {
			isa = PBXGroup;
			children = (
				OBJ_33 /* FileIndexRepository.swift */,
				OBJ_34 /* UploadRepository.swift */,
			);
			path = Files;
			sourceTree = "<group>";
		};
		OBJ_43 /* Setup */ = {
			isa = PBXGroup;
			children = (
				OBJ_44 /* CreateRoutes.swift */,
				OBJ_45 /* RequestHandler.swift */,
				OBJ_46 /* ServerRoutes.swift */,
				OBJ_47 /* ServerSetup.swift */,
			);
			path = Setup;
			sourceTree = "<group>";
		};
		OBJ_48 /* Utils */ = {
			isa = PBXGroup;
			children = (
				OBJ_49 /* AsyncTailRecursion.swift */,
				OBJ_50 /* NSObject+Extras.swift */,
			);
			path = Utils;
			sourceTree = "<group>";
		};
		OBJ_5 /*  */ = {
			isa = PBXGroup;
			children = (
				OBJ_6 /* Package.swift */,
				OBJ_7 /* Sources */,
				OBJ_53 /* Tests */,
				OBJ_80 /* devops */,
				OBJ_81 /* Resources */,
				OBJ_82 /* Docs */,
				OBJ_83 /* Database migrations */,
				OBJ_84 /* Dependencies */,
				OBJ_85 /* Products */,
				83C5CE0C1FDBB70A0024979A /* Recovered References */,
			);
			name = "";
			sourceTree = "<group>";
		};
		OBJ_51 /* Main */ = {
			isa = PBXGroup;
			children = (
				OBJ_52 /* main.swift */,
			);
			name = Main;
			path = Sources/Main;
			sourceTree = SOURCE_ROOT;
		};
		OBJ_53 /* Tests */ = {
			isa = PBXGroup;
			children = (
				83C5CE131FDDBD880024979A /* LinuxMain.swift */,
				OBJ_54 /* ServerTests */,
			);
			name = Tests;
			sourceTree = SOURCE_ROOT;
		};
		OBJ_54 /* ServerTests */ = {
			isa = PBXGroup;
			children = (
				OBJ_55 /* AccountAuthenticationTests_Facebook.swift */,
				OBJ_56 /* AccountAuthenticationTests_Google.swift */,
				83C5CE111FDD004C0024979A /* AccountAuthenticationTests_Dropbox.swift */,
				OBJ_57 /* DatabaseModelTests.swift */,
				OBJ_58 /* DatabaseTransactionTests.swift */,
				OBJ_59 /* FailureTests.swift */,
				OBJ_60 /* FileControllerTests.swift */,
				OBJ_61 /* FileControllerTests_GetUploads.swift */,
				OBJ_62 /* FileControllerTests_UploadDeletion.swift */,
				OBJ_63 /* FileController_DoneUploadsTests.swift */,
				OBJ_64 /* FileController_UploadTests.swift */,
				OBJ_65 /* GeneralAuthTests.swift */,
				OBJ_66 /* GeneralDatabaseTests.swift */,
				OBJ_67 /* GoogleDriveTests.swift */,
				OBJ_68 /* KituraTest.swift */,
				OBJ_69 /* MessageTests.swift */,
				OBJ_70 /* ServerTestCase.swift */,
				OBJ_71 /* SharingAccountsController_CreateSharingInvitation.swift */,
				OBJ_72 /* SharingAccountsController_RedeemSharingInvitation.swift */,
				OBJ_73 /* Sharing_FileManipulationTests.swift */,
				OBJ_74 /* SpecificDatabaseTests.swift */,
				OBJ_75 /* SpecificDatabaseTests_SharingInvitationRepository.swift */,
				OBJ_76 /* SpecificDatabaseTests_Uploads.swift */,
				OBJ_77 /* SpecificDatabaseTests_UserRepository.swift */,
				OBJ_78 /* UserControllerTests.swift */,
				OBJ_79 /* UtilsTests.swift */,
			);
			name = ServerTests;
			path = Tests/ServerTests;
			sourceTree = SOURCE_ROOT;
		};
		OBJ_7 /* Sources */ = {
			isa = PBXGroup;
			children = (
				OBJ_8 /* Server */,
				OBJ_51 /* Main */,
			);
			name = Sources;
			sourceTree = SOURCE_ROOT;
		};
		OBJ_8 /* Server */ = {
			isa = PBXGroup;
			children = (
				OBJ_9 /* Account Specifics */,
				OBJ_17 /* Controllers */,
				OBJ_29 /* Database */,
				OBJ_42 /* ServerMain.swift */,
				OBJ_43 /* Setup */,
				OBJ_48 /* Utils */,
			);
			name = Server;
			path = Sources/Server;
			sourceTree = SOURCE_ROOT;
		};
		OBJ_84 /* Dependencies */ = {
			isa = PBXGroup;
			children = (
			);
			name = Dependencies;
			sourceTree = "<group>";
		};
		OBJ_85 /* Products */ = {
			isa = PBXGroup;
			children = (
				"Server::ServerTests::Product" /* ServerTests.xctest */,
				"Server::Main::Product" /* Main */,
				"Server::Server::Product" /* Server.framework */,
			);
			name = Products;
			sourceTree = BUILT_PRODUCTS_DIR;
		};
		OBJ_9 /* Account Specifics */ = {
			isa = PBXGroup;
			children = (
				OBJ_10 /* Account.swift */,
				OBJ_11 /* AccountManager.swift */,
				OBJ_12 /* CloudStorage.swift */,
				OBJ_13 /* DropboxCreds.swift */,
				OBJ_14 /* FacebookCreds.swift */,
				OBJ_15 /* GoogleCreds+GoogleDrive.swift */,
				OBJ_16 /* GoogleCreds.swift */,
			);
			path = "Account Specifics";
			sourceTree = "<group>";
		};
/* End PBXGroup section */

/* Begin PBXNativeTarget section */
		"Server::Main" /* Main */ = {
			isa = PBXNativeTarget;
			buildConfigurationList = OBJ_131 /* Build configuration list for PBXNativeTarget "Main" */;
			buildPhases = (
				OBJ_134 /* Sources */,
				OBJ_136 /* Frameworks */,
			);
			buildRules = (
			);
			dependencies = (
				OBJ_138 /* PBXTargetDependency */,
			);
			name = Main;
			productName = Main;
			productReference = "Server::Main::Product" /* Main */;
			productType = "com.apple.product-type.tool";
		};
		"Server::Server" /* Server */ = {
			isa = PBXNativeTarget;
			buildConfigurationList = OBJ_139 /* Build configuration list for PBXNativeTarget "Server" */;
			buildPhases = (
				OBJ_142 /* Sources */,
				OBJ_178 /* Frameworks */,
				8CCF2FFECA4321218DD13F6E /* CopyFiles */,
			);
			buildRules = (
			);
			dependencies = (
			);
			name = Server;
			productName = Server;
			productReference = "Server::Server::Product" /* Server.framework */;
			productType = "com.apple.product-type.framework";
		};
		"Server::ServerTests" /* ServerTests */ = {
			isa = PBXNativeTarget;
			buildConfigurationList = OBJ_96 /* Build configuration list for PBXNativeTarget "ServerTests" */;
			buildPhases = (
				OBJ_99 /* Sources */,
				OBJ_125 /* Frameworks */,
				00F2E7E01D0F025AC39454A8 /* ShellScript */,
			);
			buildRules = (
			);
			dependencies = (
				OBJ_127 /* PBXTargetDependency */,
				OBJ_129 /* PBXTargetDependency */,
			);
			name = ServerTests;
			productName = ServerTests;
			productReference = "Server::ServerTests::Product" /* ServerTests.xctest */;
			productType = "com.apple.product-type.bundle.unit-test";
		};
		"Server::SwiftPMPackageDescription" /* ServerPackageDescription */ = {
			isa = PBXNativeTarget;
			buildConfigurationList = OBJ_90 /* Build configuration list for PBXNativeTarget "ServerPackageDescription" */;
			buildPhases = (
				OBJ_93 /* Sources */,
			);
			buildRules = (
			);
			dependencies = (
			);
			name = ServerPackageDescription;
			productName = ServerPackageDescription;
			productType = "com.apple.product-type.framework";
		};
/* End PBXNativeTarget section */

/* Begin PBXProject section */
		OBJ_1 /* Project object */ = {
			isa = PBXProject;
			attributes = {
				LastUpgradeCheck = 9999;
			};
			buildConfigurationList = OBJ_2 /* Build configuration list for PBXProject "Server" */;
			compatibilityVersion = "Xcode 3.2";
			developmentRegion = English;
			hasScannedForEncodings = 0;
			knownRegions = (
				en,
			);
			mainGroup = OBJ_5 /*  */;
			productRefGroup = OBJ_85 /* Products */;
			projectDirPath = "";
			projectRoot = "";
			targets = (
				"Server::SwiftPMPackageDescription" /* ServerPackageDescription */,
				"Server::ServerTests" /* ServerTests */,
				"Server::Main" /* Main */,
				"Server::Server" /* Server */,
				"Server::ServerPackageTests::ProductTarget" /* ServerPackageTests */,
			);
		};
/* End PBXProject section */

/* Begin PBXShellScriptBuildPhase section */
		00F2E7E01D0F025AC39454A8 /* ShellScript */ = {
			isa = PBXShellScriptBuildPhase;
			buildActionMask = 2147483647;
			files = (
			);
			inputPaths = (
			);
			outputPaths = (
			);
			runOnlyForDeploymentPostprocessing = 0;
			shellPath = /bin/sh;
			shellScript = "cp Server.json /tmp; cp ServerTests.json /tmp; cp Resources/Cat.jpg /tmp";
		};
/* End PBXShellScriptBuildPhase section */

/* Begin PBXSourcesBuildPhase section */
		OBJ_134 /* Sources */ = {
			isa = PBXSourcesBuildPhase;
			buildActionMask = 0;
			files = (
				OBJ_135 /* main.swift in Sources */,
			);
			runOnlyForDeploymentPostprocessing = 0;
		};
		OBJ_142 /* Sources */ = {
			isa = PBXSourcesBuildPhase;
			buildActionMask = 0;
			files = (
				OBJ_143 /* Account.swift in Sources */,
				OBJ_144 /* AccountManager.swift in Sources */,
				OBJ_145 /* CloudStorage.swift in Sources */,
				OBJ_146 /* DropboxCreds.swift in Sources */,
				OBJ_147 /* FacebookCreds.swift in Sources */,
				OBJ_148 /* GoogleCreds+GoogleDrive.swift in Sources */,
				OBJ_149 /* GoogleCreds.swift in Sources */,
				OBJ_150 /* Constants.swift in Sources */,
				OBJ_151 /* Controllers.swift in Sources */,
				OBJ_152 /* FileController+DoneUploads.swift in Sources */,
				OBJ_153 /* FileController+DownloadFile.swift in Sources */,
				OBJ_154 /* FileController+UploadDeletion.swift in Sources */,
				OBJ_155 /* FileController+UploadFile.swift in Sources */,
				OBJ_156 /* FileController.swift in Sources */,
				OBJ_157 /* SharingAccountsController.swift in Sources */,
				OBJ_158 /* UserController.swift in Sources */,
				OBJ_159 /* UtilController.swift in Sources */,
				OBJ_160 /* Database.swift in Sources */,
				OBJ_161 /* DeviceUUIDRepository.swift in Sources */,
				OBJ_162 /* FileIndexRepository.swift in Sources */,
				OBJ_163 /* UploadRepository.swift in Sources */,
				OBJ_164 /* LockRepository.swift in Sources */,
				OBJ_165 /* MasterVersionRepository.swift in Sources */,
				OBJ_166 /* Model.swift in Sources */,
				OBJ_167 /* Repositories.swift in Sources */,
				OBJ_168 /* Repository.swift in Sources */,
				OBJ_169 /* SharingInvitationRepository.swift in Sources */,
				OBJ_170 /* UserRepository.swift in Sources */,
				OBJ_171 /* ServerMain.swift in Sources */,
				OBJ_172 /* CreateRoutes.swift in Sources */,
				OBJ_173 /* RequestHandler.swift in Sources */,
				OBJ_174 /* ServerRoutes.swift in Sources */,
				OBJ_175 /* ServerSetup.swift in Sources */,
				OBJ_176 /* AsyncTailRecursion.swift in Sources */,
				OBJ_177 /* NSObject+Extras.swift in Sources */,
			);
			runOnlyForDeploymentPostprocessing = 0;
		};
		OBJ_93 /* Sources */ = {
			isa = PBXSourcesBuildPhase;
			buildActionMask = 0;
			files = (
				OBJ_94 /* Package.swift in Sources */,
			);
			runOnlyForDeploymentPostprocessing = 0;
		};
		OBJ_99 /* Sources */ = {
			isa = PBXSourcesBuildPhase;
			buildActionMask = 0;
			files = (
				83C5CE141FDDBD880024979A /* LinuxMain.swift in Sources */,
				OBJ_100 /* AccountAuthenticationTests_Facebook.swift in Sources */,
				OBJ_101 /* AccountAuthenticationTests_Google.swift in Sources */,
				OBJ_102 /* DatabaseModelTests.swift in Sources */,
				OBJ_103 /* DatabaseTransactionTests.swift in Sources */,
				OBJ_104 /* FailureTests.swift in Sources */,
				OBJ_105 /* FileControllerTests.swift in Sources */,
				OBJ_106 /* FileControllerTests_GetUploads.swift in Sources */,
				OBJ_107 /* FileControllerTests_UploadDeletion.swift in Sources */,
				OBJ_108 /* FileController_DoneUploadsTests.swift in Sources */,
				OBJ_109 /* FileController_UploadTests.swift in Sources */,
				OBJ_110 /* GeneralAuthTests.swift in Sources */,
				OBJ_111 /* GeneralDatabaseTests.swift in Sources */,
				OBJ_112 /* GoogleDriveTests.swift in Sources */,
				OBJ_113 /* KituraTest.swift in Sources */,
				OBJ_114 /* MessageTests.swift in Sources */,
				OBJ_115 /* ServerTestCase.swift in Sources */,
				OBJ_116 /* SharingAccountsController_CreateSharingInvitation.swift in Sources */,
				OBJ_117 /* SharingAccountsController_RedeemSharingInvitation.swift in Sources */,
				OBJ_118 /* Sharing_FileManipulationTests.swift in Sources */,
				OBJ_119 /* SpecificDatabaseTests.swift in Sources */,
				OBJ_120 /* SpecificDatabaseTests_SharingInvitationRepository.swift in Sources */,
				OBJ_121 /* SpecificDatabaseTests_Uploads.swift in Sources */,
				OBJ_122 /* SpecificDatabaseTests_UserRepository.swift in Sources */,
				OBJ_123 /* UserControllerTests.swift in Sources */,
				83C5CE121FDD004C0024979A /* AccountAuthenticationTests_Dropbox.swift in Sources */,
				OBJ_124 /* UtilsTests.swift in Sources */,
			);
			runOnlyForDeploymentPostprocessing = 0;
		};
/* End PBXSourcesBuildPhase section */

/* Begin PBXTargetDependency section */
		OBJ_127 /* PBXTargetDependency */ = {
			isa = PBXTargetDependency;
			target = "Server::Main" /* Main */;
			targetProxy = 83C5CE0E1FDBB70D0024979A /* PBXContainerItemProxy */;
		};
		OBJ_129 /* PBXTargetDependency */ = {
			isa = PBXTargetDependency;
			target = "Server::Server" /* Server */;
			targetProxy = 83C5CE0F1FDBB70D0024979A /* PBXContainerItemProxy */;
		};
		OBJ_138 /* PBXTargetDependency */ = {
			isa = PBXTargetDependency;
			target = "Server::Server" /* Server */;
			targetProxy = 83C5CE0D1FDBB70D0024979A /* PBXContainerItemProxy */;
		};
		OBJ_183 /* PBXTargetDependency */ = {
			isa = PBXTargetDependency;
			target = "Server::ServerTests" /* ServerTests */;
			targetProxy = 83C5CE101FDBB70D0024979A /* PBXContainerItemProxy */;
		};
/* End PBXTargetDependency section */

/* Begin XCBuildConfiguration section */
		OBJ_132 /* Debug */ = {
			isa = XCBuildConfiguration;
			buildSettings = {
				FRAMEWORK_SEARCH_PATHS = (
					"$(inherited)",
					"$(PLATFORM_DIR)/Developer/Library/Frameworks",
				);
				HEADER_SEARCH_PATHS = "$(inherited)";
				INFOPLIST_FILE = Server.xcodeproj/Main_Info.plist;
				LD_RUNPATH_SEARCH_PATHS = "$(TOOLCHAIN_DIR)/usr/lib/swift/macosx @executable_path";
				OTHER_LDFLAGS = "$(inherited)";
				OTHER_SWIFT_FLAGS = "$(inherited) -DDEBUG -DSERVER";
				SWIFT_FORCE_DYNAMIC_LINK_STDLIB = YES;
				SWIFT_FORCE_STATIC_LINK_STDLIB = NO;
				SWIFT_VERSION = 4.0;
				TARGET_NAME = Main;
			};
			name = Debug;
		};
		OBJ_133 /* Release */ = {
			isa = XCBuildConfiguration;
			buildSettings = {
				FRAMEWORK_SEARCH_PATHS = (
					"$(inherited)",
					"$(PLATFORM_DIR)/Developer/Library/Frameworks",
				);
				HEADER_SEARCH_PATHS = "$(inherited)";
				INFOPLIST_FILE = Server.xcodeproj/Main_Info.plist;
				LD_RUNPATH_SEARCH_PATHS = "$(TOOLCHAIN_DIR)/usr/lib/swift/macosx @executable_path";
				OTHER_LDFLAGS = "$(inherited)";
				OTHER_SWIFT_FLAGS = "$(inherited)";
				SWIFT_FORCE_DYNAMIC_LINK_STDLIB = YES;
				SWIFT_FORCE_STATIC_LINK_STDLIB = NO;
				SWIFT_VERSION = 4.0;
				TARGET_NAME = Main;
			};
			name = Release;
		};
		OBJ_140 /* Debug */ = {
			isa = XCBuildConfiguration;
			buildSettings = {
				ENABLE_TESTABILITY = YES;
				FRAMEWORK_SEARCH_PATHS = (
					"$(inherited)",
					"$(PLATFORM_DIR)/Developer/Library/Frameworks",
				);
				HEADER_SEARCH_PATHS = "$(inherited)";
				INFOPLIST_FILE = Server.xcodeproj/Server_Info.plist;
				LD_RUNPATH_SEARCH_PATHS = "$(TOOLCHAIN_DIR)/usr/lib/swift/macosx";
				OTHER_LDFLAGS = "$(inherited)";
				OTHER_SWIFT_FLAGS = "$(inherited) -DDEBUG -DSERVER";
				PRODUCT_BUNDLE_IDENTIFIER = Server;
				PRODUCT_MODULE_NAME = "$(TARGET_NAME:c99extidentifier)";
				PRODUCT_NAME = "$(TARGET_NAME:c99extidentifier)";
				SKIP_INSTALL = YES;
				SWIFT_VERSION = 4.0;
				TARGET_NAME = Server;
			};
			name = Debug;
		};
		OBJ_141 /* Release */ = {
			isa = XCBuildConfiguration;
			buildSettings = {
				ENABLE_TESTABILITY = YES;
				FRAMEWORK_SEARCH_PATHS = (
					"$(inherited)",
					"$(PLATFORM_DIR)/Developer/Library/Frameworks",
				);
				HEADER_SEARCH_PATHS = "$(inherited)";
				INFOPLIST_FILE = Server.xcodeproj/Server_Info.plist;
				LD_RUNPATH_SEARCH_PATHS = "$(TOOLCHAIN_DIR)/usr/lib/swift/macosx";
				OTHER_LDFLAGS = "$(inherited)";
				OTHER_SWIFT_FLAGS = "$(inherited)";
				PRODUCT_BUNDLE_IDENTIFIER = Server;
				PRODUCT_MODULE_NAME = "$(TARGET_NAME:c99extidentifier)";
				PRODUCT_NAME = "$(TARGET_NAME:c99extidentifier)";
				SKIP_INSTALL = YES;
				SWIFT_VERSION = 4.0;
				TARGET_NAME = Server;
			};
			name = Release;
		};
		OBJ_181 /* Debug */ = {
			isa = XCBuildConfiguration;
			buildSettings = {
				OTHER_SWIFT_FLAGS = "-DDEBUG -DSERVER";
			};
			name = Debug;
		};
		OBJ_182 /* Release */ = {
			isa = XCBuildConfiguration;
			buildSettings = {
			};
			name = Release;
		};
		OBJ_3 /* Debug */ = {
			isa = XCBuildConfiguration;
			buildSettings = {
				CLANG_ENABLE_OBJC_ARC = YES;
				COMBINE_HIDPI_IMAGES = YES;
				COPY_PHASE_STRIP = NO;
				DEBUG_INFORMATION_FORMAT = dwarf;
				DYLIB_INSTALL_NAME_BASE = "@rpath";
				ENABLE_NS_ASSERTIONS = YES;
				GCC_OPTIMIZATION_LEVEL = 0;
				MACOSX_DEPLOYMENT_TARGET = 10.10;
				ONLY_ACTIVE_ARCH = YES;
				OTHER_SWIFT_FLAGS = "-DXcode";
				PRODUCT_NAME = "$(TARGET_NAME)";
				SDKROOT = macosx;
				SUPPORTED_PLATFORMS = "macosx iphoneos iphonesimulator appletvos appletvsimulator watchos watchsimulator";
				SWIFT_ACTIVE_COMPILATION_CONDITIONS = SWIFT_PACKAGE;
				SWIFT_OPTIMIZATION_LEVEL = "-Onone";
				USE_HEADERMAP = NO;
			};
			name = Debug;
		};
		OBJ_4 /* Release */ = {
			isa = XCBuildConfiguration;
			buildSettings = {
				CLANG_ENABLE_OBJC_ARC = YES;
				COMBINE_HIDPI_IMAGES = YES;
				COPY_PHASE_STRIP = YES;
				DEBUG_INFORMATION_FORMAT = "dwarf-with-dsym";
				DYLIB_INSTALL_NAME_BASE = "@rpath";
				GCC_OPTIMIZATION_LEVEL = s;
				MACOSX_DEPLOYMENT_TARGET = 10.10;
				OTHER_SWIFT_FLAGS = "-DXcode";
				PRODUCT_NAME = "$(TARGET_NAME)";
				SDKROOT = macosx;
				SUPPORTED_PLATFORMS = "macosx iphoneos iphonesimulator appletvos appletvsimulator watchos watchsimulator";
				SWIFT_ACTIVE_COMPILATION_CONDITIONS = SWIFT_PACKAGE;
				SWIFT_OPTIMIZATION_LEVEL = "-Owholemodule";
				USE_HEADERMAP = NO;
			};
			name = Release;
		};
		OBJ_91 /* Debug */ = {
			isa = XCBuildConfiguration;
			buildSettings = {
				LD = /usr/bin/true;
				OTHER_SWIFT_FLAGS = "-swift-version 4 -I /Applications/Xcode-9.0.app/Contents/Developer/Toolchains/XcodeDefault.xctoolchain/usr/lib/swift/pm/4 -target x86_64-apple-macosx10.10 -sdk /Applications/Xcode-9.0.app/Contents/Developer/Platforms/MacOSX.platform/Developer/SDKs/MacOSX10.13.sdk -DDEBUG -DSERVER";
				SWIFT_VERSION = 4.0;
			};
			name = Debug;
		};
		OBJ_92 /* Release */ = {
			isa = XCBuildConfiguration;
			buildSettings = {
				LD = /usr/bin/true;
				OTHER_SWIFT_FLAGS = "-swift-version 4 -I /Applications/Xcode-9.0.app/Contents/Developer/Toolchains/XcodeDefault.xctoolchain/usr/lib/swift/pm/4 -target x86_64-apple-macosx10.10 -sdk /Applications/Xcode-9.0.app/Contents/Developer/Platforms/MacOSX.platform/Developer/SDKs/MacOSX10.13.sdk";
				SWIFT_VERSION = 4.0;
			};
			name = Release;
		};
		OBJ_97 /* Debug */ = {
			isa = XCBuildConfiguration;
			buildSettings = {
				EMBEDDED_CONTENT_CONTAINS_SWIFT = YES;
				FRAMEWORK_SEARCH_PATHS = (
					"$(inherited)",
					"$(PLATFORM_DIR)/Developer/Library/Frameworks",
				);
				HEADER_SEARCH_PATHS = "$(inherited)";
				INFOPLIST_FILE = Server.xcodeproj/ServerTests_Info.plist;
				LD_RUNPATH_SEARCH_PATHS = "@loader_path/../Frameworks @loader_path/Frameworks";
				OTHER_LDFLAGS = "$(inherited)";
				OTHER_SWIFT_FLAGS = "$(inherited) -DDEBUG -DSERVER";
				SWIFT_VERSION = 4.0;
				TARGET_NAME = ServerTests;
			};
			name = Debug;
		};
		OBJ_98 /* Release */ = {
			isa = XCBuildConfiguration;
			buildSettings = {
				EMBEDDED_CONTENT_CONTAINS_SWIFT = YES;
				FRAMEWORK_SEARCH_PATHS = (
					"$(inherited)",
					"$(PLATFORM_DIR)/Developer/Library/Frameworks",
				);
				HEADER_SEARCH_PATHS = "$(inherited)";
				INFOPLIST_FILE = Server.xcodeproj/ServerTests_Info.plist;
				LD_RUNPATH_SEARCH_PATHS = "@loader_path/../Frameworks @loader_path/Frameworks";
				OTHER_LDFLAGS = "$(inherited)";
				OTHER_SWIFT_FLAGS = "$(inherited)";
				SWIFT_VERSION = 4.0;
				TARGET_NAME = ServerTests;
			};
			name = Release;
		};
/* End XCBuildConfiguration section */

/* Begin XCConfigurationList section */
		OBJ_131 /* Build configuration list for PBXNativeTarget "Main" */ = {
			isa = XCConfigurationList;
			buildConfigurations = (
				OBJ_132 /* Debug */,
				OBJ_133 /* Release */,
			);
			defaultConfigurationIsVisible = 0;
			defaultConfigurationName = Debug;
		};
		OBJ_139 /* Build configuration list for PBXNativeTarget "Server" */ = {
			isa = XCConfigurationList;
			buildConfigurations = (
				OBJ_140 /* Debug */,
				OBJ_141 /* Release */,
			);
			defaultConfigurationIsVisible = 0;
			defaultConfigurationName = Debug;
		};
		OBJ_180 /* Build configuration list for PBXAggregateTarget "ServerPackageTests" */ = {
			isa = XCConfigurationList;
			buildConfigurations = (
				OBJ_181 /* Debug */,
				OBJ_182 /* Release */,
			);
			defaultConfigurationIsVisible = 0;
			defaultConfigurationName = Debug;
		};
		OBJ_2 /* Build configuration list for PBXProject "Server" */ = {
			isa = XCConfigurationList;
			buildConfigurations = (
				OBJ_3 /* Debug */,
				OBJ_4 /* Release */,
			);
			defaultConfigurationIsVisible = 0;
			defaultConfigurationName = Debug;
		};
		OBJ_90 /* Build configuration list for PBXNativeTarget "ServerPackageDescription" */ = {
			isa = XCConfigurationList;
			buildConfigurations = (
				OBJ_91 /* Debug */,
				OBJ_92 /* Release */,
			);
			defaultConfigurationIsVisible = 0;
			defaultConfigurationName = Debug;
		};
		OBJ_96 /* Build configuration list for PBXNativeTarget "ServerTests" */ = {
			isa = XCConfigurationList;
			buildConfigurations = (
				OBJ_97 /* Debug */,
				OBJ_98 /* Release */,
			);
			defaultConfigurationIsVisible = 0;
			defaultConfigurationName = Debug;
		};
/* End XCConfigurationList section */
	};
	rootObject = OBJ_1 /* Project object */;
}
